
Microsoft Visual Studio Solution File, Format Version 12.00
# Visual Studio Version 16
VisualStudioVersion = 16.0.31112.23
MinimumVisualStudioVersion = 10.0.40219.1
Project("{9A19103F-16F7-4668-BE54-9A1E7A4F7556}") = "FileApi", "FileApi\FileApi.csproj", "{152BA19A-9D24-43E7-BD23-DE8EDA5BFBAC}"
EndProject
Project("{FAE04EC0-301F-11D3-BF4B-00C04F79EFBC}") = "FileDownload", "FileDownload\FileDownload.csproj", "{80B4CBC6-98DB-4573-9FEE-F8CC3A9B9C33}"
EndProject
Global
	GlobalSection(SolutionConfigurationPlatforms) = preSolution
		Debug|Any CPU = Debug|Any CPU
		Release|Any CPU = Release|Any CPU
	EndGlobalSection
	GlobalSection(ProjectConfigurationPlatforms) = postSolution
		{152BA19A-9D24-43E7-BD23-DE8EDA5BFBAC}.Debug|Any CPU.ActiveCfg = Debug|Any CPU
		{152BA19A-9D24-43E7-BD23-DE8EDA5BFBAC}.Debug|Any CPU.Build.0 = Debug|Any CPU
		{152BA19A-9D24-43E7-BD23-DE8EDA5BFBAC}.Release|Any CPU.ActiveCfg = Release|Any CPU
		{152BA19A-9D24-43E7-BD23-DE8EDA5BFBAC}.Release|Any CPU.Build.0 = Release|Any CPU
		{80B4CBC6-98DB-4573-9FEE-F8CC3A9B9C33}.Debug|Any CPU.ActiveCfg = Debug|Any CPU
		{80B4CBC6-98DB-4573-9FEE-F8CC3A9B9C33}.Debug|Any CPU.Build.0 = Debug|Any CPU
		{80B4CBC6-98DB-4573-9FEE-F8CC3A9B9C33}.Release|Any CPU.ActiveCfg = Release|Any CPU
		{80B4CBC6-98DB-4573-9FEE-F8CC3A9B9C33}.Release|Any CPU.Build.0 = Release|Any CPU
	EndGlobalSection
	GlobalSection(SolutionProperties) = preSolution
		HideSolutionNode = FALSE
	EndGlobalSection
	GlobalSection(ExtensibilityGlobals) = postSolution
		SolutionGuid = {D5D73E99-040D-4DF5-B332-554A3E921F8D}
	EndGlobalSection
EndGlobal
